// !$*UTF8*$!
{
	archiveVersion = 1;
	classes = {
	};
	objectVersion = 56;
	objects = {

/* Begin PBXBuildFile section */
		07AC05CA28E78D12006AD37F /* AppDelegate.swift in Sources */ = {isa = PBXBuildFile; fileRef = 07AC05C928E78D12006AD37F /* AppDelegate.swift */; };
		07AC05CC28E78D12006AD37F /* SceneDelegate.swift in Sources */ = {isa = PBXBuildFile; fileRef = 07AC05CB28E78D12006AD37F /* SceneDelegate.swift */; };
		07AC05CE28E78D12006AD37F /* ViewController.swift in Sources */ = {isa = PBXBuildFile; fileRef = 07AC05CD28E78D12006AD37F /* ViewController.swift */; };
		07AC05D128E78D12006AD37F /* Main.storyboard in Resources */ = {isa = PBXBuildFile; fileRef = 07AC05CF28E78D12006AD37F /* Main.storyboard */; };
		07AC05D428E78D12006AD37F /* My_Dolphine.xcdatamodeld in Sources */ = {isa = PBXBuildFile; fileRef = 07AC05D228E78D12006AD37F /* My_Dolphine.xcdatamodeld */; };
		07AC05D628E78D13006AD37F /* Assets.xcassets in Resources */ = {isa = PBXBuildFile; fileRef = 07AC05D528E78D13006AD37F /* Assets.xcassets */; };
		07AC05D928E78D13006AD37F /* LaunchScreen.storyboard in Resources */ = {isa = PBXBuildFile; fileRef = 07AC05D728E78D13006AD37F /* LaunchScreen.storyboard */; };
		07D604D728E7924F00AD539D /* FirebaseAuth in Frameworks */ = {isa = PBXBuildFile; productRef = 07D604D628E7924F00AD539D /* FirebaseAuth */; };
		07D604D928E7924F00AD539D /* FirebaseAuthCombine-Community in Frameworks */ = {isa = PBXBuildFile; productRef = 07D604D828E7924F00AD539D /* FirebaseAuthCombine-Community */; };
		07D604DB28E7924F00AD539D /* FirebaseDatabase in Frameworks */ = {isa = PBXBuildFile; productRef = 07D604DA28E7924F00AD539D /* FirebaseDatabase */; };
		07D604DD28E7924F00AD539D /* FirebaseDatabaseSwift in Frameworks */ = {isa = PBXBuildFile; productRef = 07D604DC28E7924F00AD539D /* FirebaseDatabaseSwift */; };
		07D604DF28E7924F00AD539D /* FirebaseDynamicLinks in Frameworks */ = {isa = PBXBuildFile; productRef = 07D604DE28E7924F00AD539D /* FirebaseDynamicLinks */; };
		07D604E128E7924F00AD539D /* FirebaseFirestore in Frameworks */ = {isa = PBXBuildFile; productRef = 07D604E028E7924F00AD539D /* FirebaseFirestore */; };
		07D604E328E7924F00AD539D /* FirebaseFirestoreCombine-Community in Frameworks */ = {isa = PBXBuildFile; productRef = 07D604E228E7924F00AD539D /* FirebaseFirestoreCombine-Community */; };
		07D604E528E7924F00AD539D /* FirebaseFirestoreSwift in Frameworks */ = {isa = PBXBuildFile; productRef = 07D604E428E7924F00AD539D /* FirebaseFirestoreSwift */; };
		07D604E728E7924F00AD539D /* FirebaseStorage in Frameworks */ = {isa = PBXBuildFile; productRef = 07D604E628E7924F00AD539D /* FirebaseStorage */; };
		07D604E928E7924F00AD539D /* FirebaseStorageCombine-Community in Frameworks */ = {isa = PBXBuildFile; productRef = 07D604E828E7924F00AD539D /* FirebaseStorageCombine-Community */; };
		07D604EC28E7990500AD539D /* TableViewCell.swift in Sources */ = {isa = PBXBuildFile; fileRef = 07D604EA28E7990500AD539D /* TableViewCell.swift */; };
		07D604ED28E7990500AD539D /* TableViewCell.xib in Resources */ = {isa = PBXBuildFile; fileRef = 07D604EB28E7990500AD539D /* TableViewCell.xib */; };
		07D604EF28E79CC300AD539D /* ListsViewController.swift in Sources */ = {isa = PBXBuildFile; fileRef = 07D604EE28E79CC300AD539D /* ListsViewController.swift */; };
		07D604F128E79F1C00AD539D /* AddTaskViewController.swift in Sources */ = {isa = PBXBuildFile; fileRef = 07D604F028E79F1C00AD539D /* AddTaskViewController.swift */; };
		07D604F328E79FC900AD539D /* Task.swift in Sources */ = {isa = PBXBuildFile; fileRef = 07D604F228E79FC900AD539D /* Task.swift */; };
		07D604F528E8850E00AD539D /* SignUpViewController.swift in Sources */ = {isa = PBXBuildFile; fileRef = 07D604F428E8850E00AD539D /* SignUpViewController.swift */; };
		07D604F728E88A7800AD539D /* GoogleService-Info.plist in Resources */ = {isa = PBXBuildFile; fileRef = 07D604F628E88A7800AD539D /* GoogleService-Info.plist */; };
		07D604FD28E8A45B00AD539D /* CollectionViewCell.swift in Sources */ = {isa = PBXBuildFile; fileRef = 07D604FC28E8A45B00AD539D /* CollectionViewCell.swift */; };
		07DC1A4228E8CFD800B32D43 /* Category.swift in Sources */ = {isa = PBXBuildFile; fileRef = 07DC1A4128E8CFD800B32D43 /* Category.swift */; };
		07DC1A4528EB334E00B32D43 /* User.swift in Sources */ = {isa = PBXBuildFile; fileRef = 07DC1A4428EB334E00B32D43 /* User.swift */; };
		07DC1A4728EB423300B32D43 /* CategoryItemViewController.swift in Sources */ = {isa = PBXBuildFile; fileRef = 07DC1A4628EB423300B32D43 /* CategoryItemViewController.swift */; };
/* End PBXBuildFile section */

/* Begin PBXFileReference section */
		07AC05C628E78D12006AD37F /* My Dolphine.app */ = {isa = PBXFileReference; explicitFileType = wrapper.application; includeInIndex = 0; path = "My Dolphine.app"; sourceTree = BUILT_PRODUCTS_DIR; };
		07AC05C928E78D12006AD37F /* AppDelegate.swift */ = {isa = PBXFileReference; lastKnownFileType = sourcecode.swift; path = AppDelegate.swift; sourceTree = "<group>"; };
		07AC05CB28E78D12006AD37F /* SceneDelegate.swift */ = {isa = PBXFileReference; lastKnownFileType = sourcecode.swift; path = SceneDelegate.swift; sourceTree = "<group>"; };
		07AC05CD28E78D12006AD37F /* ViewController.swift */ = {isa = PBXFileReference; lastKnownFileType = sourcecode.swift; path = ViewController.swift; sourceTree = "<group>"; };
		07AC05D028E78D12006AD37F /* Base */ = {isa = PBXFileReference; lastKnownFileType = file.storyboard; name = Base; path = Base.lproj/Main.storyboard; sourceTree = "<group>"; };
		07AC05D328E78D12006AD37F /* My_Dolphine.xcdatamodel */ = {isa = PBXFileReference; lastKnownFileType = wrapper.xcdatamodel; path = My_Dolphine.xcdatamodel; sourceTree = "<group>"; };
		07AC05D528E78D13006AD37F /* Assets.xcassets */ = {isa = PBXFileReference; lastKnownFileType = folder.assetcatalog; path = Assets.xcassets; sourceTree = "<group>"; };
		07AC05D828E78D13006AD37F /* Base */ = {isa = PBXFileReference; lastKnownFileType = file.storyboard; name = Base; path = Base.lproj/LaunchScreen.storyboard; sourceTree = "<group>"; };
		07AC05DA28E78D13006AD37F /* Info.plist */ = {isa = PBXFileReference; lastKnownFileType = text.plist.xml; path = Info.plist; sourceTree = "<group>"; };
		07D604EA28E7990500AD539D /* TableViewCell.swift */ = {isa = PBXFileReference; lastKnownFileType = sourcecode.swift; path = TableViewCell.swift; sourceTree = "<group>"; };
		07D604EB28E7990500AD539D /* TableViewCell.xib */ = {isa = PBXFileReference; lastKnownFileType = file.xib; path = TableViewCell.xib; sourceTree = "<group>"; };
		07D604EE28E79CC300AD539D /* ListsViewController.swift */ = {isa = PBXFileReference; lastKnownFileType = sourcecode.swift; path = ListsViewController.swift; sourceTree = "<group>"; };
		07D604F028E79F1C00AD539D /* AddTaskViewController.swift */ = {isa = PBXFileReference; lastKnownFileType = sourcecode.swift; path = AddTaskViewController.swift; sourceTree = "<group>"; };
		07D604F228E79FC900AD539D /* Task.swift */ = {isa = PBXFileReference; lastKnownFileType = sourcecode.swift; path = Task.swift; sourceTree = "<group>"; };
		07D604F428E8850E00AD539D /* SignUpViewController.swift */ = {isa = PBXFileReference; lastKnownFileType = sourcecode.swift; path = SignUpViewController.swift; sourceTree = "<group>"; };
		07D604F628E88A7800AD539D /* GoogleService-Info.plist */ = {isa = PBXFileReference; fileEncoding = 4; lastKnownFileType = text.plist.xml; path = "GoogleService-Info.plist"; sourceTree = "<group>"; };
		07D604FC28E8A45B00AD539D /* CollectionViewCell.swift */ = {isa = PBXFileReference; lastKnownFileType = sourcecode.swift; path = CollectionViewCell.swift; sourceTree = "<group>"; };
		07DC1A4128E8CFD800B32D43 /* Category.swift */ = {isa = PBXFileReference; lastKnownFileType = sourcecode.swift; path = Category.swift; sourceTree = "<group>"; };
		07DC1A4428EB334E00B32D43 /* User.swift */ = {isa = PBXFileReference; lastKnownFileType = sourcecode.swift; path = User.swift; sourceTree = "<group>"; };
		07DC1A4628EB423300B32D43 /* CategoryItemViewController.swift */ = {isa = PBXFileReference; lastKnownFileType = sourcecode.swift; path = CategoryItemViewController.swift; sourceTree = "<group>"; };
/* End PBXFileReference section */

/* Begin PBXFrameworksBuildPhase section */
		07AC05C328E78D12006AD37F /* Frameworks */ = {
			isa = PBXFrameworksBuildPhase;
			buildActionMask = 2147483647;
			files = (
				07D604DD28E7924F00AD539D /* FirebaseDatabaseSwift in Frameworks */,
				07D604DB28E7924F00AD539D /* FirebaseDatabase in Frameworks */,
				07D604E928E7924F00AD539D /* FirebaseStorageCombine-Community in Frameworks */,
				07D604E728E7924F00AD539D /* FirebaseStorage in Frameworks */,
				07D604D728E7924F00AD539D /* FirebaseAuth in Frameworks */,
				07D604D928E7924F00AD539D /* FirebaseAuthCombine-Community in Frameworks */,
				07D604DF28E7924F00AD539D /* FirebaseDynamicLinks in Frameworks */,
				07D604E128E7924F00AD539D /* FirebaseFirestore in Frameworks */,
				07D604E328E7924F00AD539D /* FirebaseFirestoreCombine-Community in Frameworks */,
				07D604E528E7924F00AD539D /* FirebaseFirestoreSwift in Frameworks */,
			);
			runOnlyForDeploymentPostprocessing = 0;
		};
/* End PBXFrameworksBuildPhase section */

/* Begin PBXGroup section */
		07AC05BD28E78D12006AD37F = {
			isa = PBXGroup;
			children = (
				07AC05C828E78D12006AD37F /* My Dolphine */,
				07AC05C728E78D12006AD37F /* Products */,
			);
			sourceTree = "<group>";
		};
		07AC05C728E78D12006AD37F /* Products */ = {
			isa = PBXGroup;
			children = (
				07AC05C628E78D12006AD37F /* My Dolphine.app */,
			);
			name = Products;
			sourceTree = "<group>";
		};
		07AC05C828E78D12006AD37F /* My Dolphine */ = {
			isa = PBXGroup;
			children = (
				07AC05C928E78D12006AD37F /* AppDelegate.swift */,
				07AC05CB28E78D12006AD37F /* SceneDelegate.swift */,
				07D604FA28E88ADC00AD539D /* Model */,
				07D604F828E88ABF00AD539D /* View */,
				07D604F928E88AD200AD539D /* Controller */,
				07AC05D528E78D13006AD37F /* Assets.xcassets */,
				07AC05D728E78D13006AD37F /* LaunchScreen.storyboard */,
				07AC05DA28E78D13006AD37F /* Info.plist */,
				07D604F628E88A7800AD539D /* GoogleService-Info.plist */,
				07AC05D228E78D12006AD37F /* My_Dolphine.xcdatamodeld */,
			);
			path = "My Dolphine";
			sourceTree = "<group>";
		};
		07D604F828E88ABF00AD539D /* View */ = {
			isa = PBXGroup;
			children = (
				07D604EA28E7990500AD539D /* TableViewCell.swift */,
				07D604EB28E7990500AD539D /* TableViewCell.xib */,
				07AC05CF28E78D12006AD37F /* Main.storyboard */,
				07D604FC28E8A45B00AD539D /* CollectionViewCell.swift */,
			);
			path = View;
			sourceTree = "<group>";
		};
		07D604F928E88AD200AD539D /* Controller */ = {
			isa = PBXGroup;
			children = (
				07AC05CD28E78D12006AD37F /* ViewController.swift */,
				07D604EE28E79CC300AD539D /* ListsViewController.swift */,
				07D604F028E79F1C00AD539D /* AddTaskViewController.swift */,
				07D604F428E8850E00AD539D /* SignUpViewController.swift */,
				07DC1A4628EB423300B32D43 /* CategoryItemViewController.swift */,
			);
			path = Controller;
			sourceTree = "<group>";
		};
		07D604FA28E88ADC00AD539D /* Model */ = {
			isa = PBXGroup;
			children = (
				07D604F228E79FC900AD539D /* Task.swift */,
				07DC1A4128E8CFD800B32D43 /* Category.swift */,
				07DC1A4428EB334E00B32D43 /* User.swift */,
			);
			path = Model;
			sourceTree = "<group>";
		};
/* End PBXGroup section */

/* Begin PBXNativeTarget section */
		07AC05C528E78D12006AD37F /* My Dolphine */ = {
			isa = PBXNativeTarget;
			buildConfigurationList = 07AC05DD28E78D13006AD37F /* Build configuration list for PBXNativeTarget "My Dolphine" */;
			buildPhases = (
				07AC05C228E78D12006AD37F /* Sources */,
				07AC05C328E78D12006AD37F /* Frameworks */,
				07AC05C428E78D12006AD37F /* Resources */,
			);
			buildRules = (
			);
			dependencies = (
			);
			name = "My Dolphine";
			packageProductDependencies = (
				07D604D628E7924F00AD539D /* FirebaseAuth */,
				07D604D828E7924F00AD539D /* FirebaseAuthCombine-Community */,
				07D604DA28E7924F00AD539D /* FirebaseDatabase */,
				07D604DC28E7924F00AD539D /* FirebaseDatabaseSwift */,
				07D604DE28E7924F00AD539D /* FirebaseDynamicLinks */,
				07D604E028E7924F00AD539D /* FirebaseFirestore */,
				07D604E228E7924F00AD539D /* FirebaseFirestoreCombine-Community */,
				07D604E428E7924F00AD539D /* FirebaseFirestoreSwift */,
				07D604E628E7924F00AD539D /* FirebaseStorage */,
				07D604E828E7924F00AD539D /* FirebaseStorageCombine-Community */,
			);
			productName = "My Dolphine";
			productReference = 07AC05C628E78D12006AD37F /* My Dolphine.app */;
			productType = "com.apple.product-type.application";
		};
/* End PBXNativeTarget section */

/* Begin PBXProject section */
		07AC05BE28E78D12006AD37F /* Project object */ = {
			isa = PBXProject;
			attributes = {
				BuildIndependentTargetsInParallel = 1;
				LastSwiftUpdateCheck = 1400;
				LastUpgradeCheck = 1400;
				TargetAttributes = {
					07AC05C528E78D12006AD37F = {
						CreatedOnToolsVersion = 14.0.1;
					};
				};
			};
			buildConfigurationList = 07AC05C128E78D12006AD37F /* Build configuration list for PBXProject "My Dolphine" */;
			compatibilityVersion = "Xcode 14.0";
			developmentRegion = en;
			hasScannedForEncodings = 0;
			knownRegions = (
				en,
				Base,
			);
			mainGroup = 07AC05BD28E78D12006AD37F;
			packageReferences = (
				07D604D528E7924F00AD539D /* XCRemoteSwiftPackageReference "firebase-ios-sdk" */,
			);
			productRefGroup = 07AC05C728E78D12006AD37F /* Products */;
			projectDirPath = "";
			projectRoot = "";
			targets = (
				07AC05C528E78D12006AD37F /* My Dolphine */,
			);
		};
/* End PBXProject section */

/* Begin PBXResourcesBuildPhase section */
		07AC05C428E78D12006AD37F /* Resources */ = {
			isa = PBXResourcesBuildPhase;
			buildActionMask = 2147483647;
			files = (
				07AC05D928E78D13006AD37F /* LaunchScreen.storyboard in Resources */,
				07D604F728E88A7800AD539D /* GoogleService-Info.plist in Resources */,
				07D604ED28E7990500AD539D /* TableViewCell.xib in Resources */,
				07AC05D628E78D13006AD37F /* Assets.xcassets in Resources */,
				07AC05D128E78D12006AD37F /* Main.storyboard in Resources */,
			);
			runOnlyForDeploymentPostprocessing = 0;
		};
/* End PBXResourcesBuildPhase section */

/* Begin PBXSourcesBuildPhase section */
		07AC05C228E78D12006AD37F /* Sources */ = {
			isa = PBXSourcesBuildPhase;
			buildActionMask = 2147483647;
			files = (
				07D604FD28E8A45B00AD539D /* CollectionViewCell.swift in Sources */,
				07D604F328E79FC900AD539D /* Task.swift in Sources */,
				07D604EC28E7990500AD539D /* TableViewCell.swift in Sources */,
				07AC05D428E78D12006AD37F /* My_Dolphine.xcdatamodeld in Sources */,
				07DC1A4728EB423300B32D43 /* CategoryItemViewController.swift in Sources */,
				07D604EF28E79CC300AD539D /* ListsViewController.swift in Sources */,
				07AC05CE28E78D12006AD37F /* ViewController.swift in Sources */,
				07AC05CA28E78D12006AD37F /* AppDelegate.swift in Sources */,
				07D604F528E8850E00AD539D /* SignUpViewController.swift in Sources */,
				07DC1A4528EB334E00B32D43 /* User.swift in Sources */,
				07AC05CC28E78D12006AD37F /* SceneDelegate.swift in Sources */,
				07D604F128E79F1C00AD539D /* AddTaskViewController.swift in Sources */,
				07DC1A4228E8CFD800B32D43 /* Category.swift in Sources */,
			);
			runOnlyForDeploymentPostprocessing = 0;
		};
/* End PBXSourcesBuildPhase section */

/* Begin PBXVariantGroup section */
		07AC05CF28E78D12006AD37F /* Main.storyboard */ = {
			isa = PBXVariantGroup;
			children = (
				07AC05D028E78D12006AD37F /* Base */,
			);
			name = Main.storyboard;
			sourceTree = "<group>";
		};
		07AC05D728E78D13006AD37F /* LaunchScreen.storyboard */ = {
			isa = PBXVariantGroup;
			children = (
				07AC05D828E78D13006AD37F /* Base */,
			);
			name = LaunchScreen.storyboard;
			sourceTree = "<group>";
		};
/* End PBXVariantGroup section */

/* Begin XCBuildConfiguration section */
		07AC05DB28E78D13006AD37F /* Debug */ = {
			isa = XCBuildConfiguration;
			buildSettings = {
				ALWAYS_SEARCH_USER_PATHS = NO;
				CLANG_ANALYZER_NONNULL = YES;
				CLANG_ANALYZER_NUMBER_OBJECT_CONVERSION = YES_AGGRESSIVE;
				CLANG_CXX_LANGUAGE_STANDARD = "gnu++20";
				CLANG_ENABLE_MODULES = YES;
				CLANG_ENABLE_OBJC_ARC = YES;
				CLANG_ENABLE_OBJC_WEAK = YES;
				CLANG_WARN_BLOCK_CAPTURE_AUTORELEASING = YES;
				CLANG_WARN_BOOL_CONVERSION = YES;
				CLANG_WARN_COMMA = YES;
				CLANG_WARN_CONSTANT_CONVERSION = YES;
				CLANG_WARN_DEPRECATED_OBJC_IMPLEMENTATIONS = YES;
				CLANG_WARN_DIRECT_OBJC_ISA_USAGE = YES_ERROR;
				CLANG_WARN_DOCUMENTATION_COMMENTS = YES;
				CLANG_WARN_EMPTY_BODY = YES;
				CLANG_WARN_ENUM_CONVERSION = YES;
				CLANG_WARN_INFINITE_RECURSION = YES;
				CLANG_WARN_INT_CONVERSION = YES;
				CLANG_WARN_NON_LITERAL_NULL_CONVERSION = YES;
				CLANG_WARN_OBJC_IMPLICIT_RETAIN_SELF = YES;
				CLANG_WARN_OBJC_LITERAL_CONVERSION = YES;
				CLANG_WARN_OBJC_ROOT_CLASS = YES_ERROR;
				CLANG_WARN_QUOTED_INCLUDE_IN_FRAMEWORK_HEADER = YES;
				CLANG_WARN_RANGE_LOOP_ANALYSIS = YES;
				CLANG_WARN_STRICT_PROTOTYPES = YES;
				CLANG_WARN_SUSPICIOUS_MOVE = YES;
				CLANG_WARN_UNGUARDED_AVAILABILITY = YES_AGGRESSIVE;
				CLANG_WARN_UNREACHABLE_CODE = YES;
				CLANG_WARN__DUPLICATE_METHOD_MATCH = YES;
				COPY_PHASE_STRIP = NO;
				DEBUG_INFORMATION_FORMAT = dwarf;
				ENABLE_STRICT_OBJC_MSGSEND = YES;
				ENABLE_TESTABILITY = YES;
				GCC_C_LANGUAGE_STANDARD = gnu11;
				GCC_DYNAMIC_NO_PIC = NO;
				GCC_NO_COMMON_BLOCKS = YES;
				GCC_OPTIMIZATION_LEVEL = 0;
				GCC_PREPROCESSOR_DEFINITIONS = (
					"DEBUG=1",
					"$(inherited)",
				);
				GCC_WARN_64_TO_32_BIT_CONVERSION = YES;
				GCC_WARN_ABOUT_RETURN_TYPE = YES_ERROR;
				GCC_WARN_UNDECLARED_SELECTOR = YES;
				GCC_WARN_UNINITIALIZED_AUTOS = YES_AGGRESSIVE;
				GCC_WARN_UNUSED_FUNCTION = YES;
				GCC_WARN_UNUSED_VARIABLE = YES;
				IPHONEOS_DEPLOYMENT_TARGET = 16.0;
				MTL_ENABLE_DEBUG_INFO = INCLUDE_SOURCE;
				MTL_FAST_MATH = YES;
				ONLY_ACTIVE_ARCH = YES;
				SDKROOT = iphoneos;
				SWIFT_ACTIVE_COMPILATION_CONDITIONS = DEBUG;
				SWIFT_OPTIMIZATION_LEVEL = "-Onone";
			};
			name = Debug;
		};
		07AC05DC28E78D13006AD37F /* Release */ = {
			isa = XCBuildConfiguration;
			buildSettings = {
				ALWAYS_SEARCH_USER_PATHS = NO;
				CLANG_ANALYZER_NONNULL = YES;
				CLANG_ANALYZER_NUMBER_OBJECT_CONVERSION = YES_AGGRESSIVE;
				CLANG_CXX_LANGUAGE_STANDARD = "gnu++20";
				CLANG_ENABLE_MODULES = YES;
				CLANG_ENABLE_OBJC_ARC = YES;
				CLANG_ENABLE_OBJC_WEAK = YES;
				CLANG_WARN_BLOCK_CAPTURE_AUTORELEASING = YES;
				CLANG_WARN_BOOL_CONVERSION = YES;
				CLANG_WARN_COMMA = YES;
				CLANG_WARN_CONSTANT_CONVERSION = YES;
				CLANG_WARN_DEPRECATED_OBJC_IMPLEMENTATIONS = YES;
				CLANG_WARN_DIRECT_OBJC_ISA_USAGE = YES_ERROR;
				CLANG_WARN_DOCUMENTATION_COMMENTS = YES;
				CLANG_WARN_EMPTY_BODY = YES;
				CLANG_WARN_ENUM_CONVERSION = YES;
				CLANG_WARN_INFINITE_RECURSION = YES;
				CLANG_WARN_INT_CONVERSION = YES;
				CLANG_WARN_NON_LITERAL_NULL_CONVERSION = YES;
				CLANG_WARN_OBJC_IMPLICIT_RETAIN_SELF = YES;
				CLANG_WARN_OBJC_LITERAL_CONVERSION = YES;
				CLANG_WARN_OBJC_ROOT_CLASS = YES_ERROR;
				CLANG_WARN_QUOTED_INCLUDE_IN_FRAMEWORK_HEADER = YES;
				CLANG_WARN_RANGE_LOOP_ANALYSIS = YES;
				CLANG_WARN_STRICT_PROTOTYPES = YES;
				CLANG_WARN_SUSPICIOUS_MOVE = YES;
				CLANG_WARN_UNGUARDED_AVAILABILITY = YES_AGGRESSIVE;
				CLANG_WARN_UNREACHABLE_CODE = YES;
				CLANG_WARN__DUPLICATE_METHOD_MATCH = YES;
				COPY_PHASE_STRIP = NO;
				DEBUG_INFORMATION_FORMAT = "dwarf-with-dsym";
				ENABLE_NS_ASSERTIONS = NO;
				ENABLE_STRICT_OBJC_MSGSEND = YES;
				GCC_C_LANGUAGE_STANDARD = gnu11;
				GCC_NO_COMMON_BLOCKS = YES;
				GCC_WARN_64_TO_32_BIT_CONVERSION = YES;
				GCC_WARN_ABOUT_RETURN_TYPE = YES_ERROR;
				GCC_WARN_UNDECLARED_SELECTOR = YES;
				GCC_WARN_UNINITIALIZED_AUTOS = YES_AGGRESSIVE;
				GCC_WARN_UNUSED_FUNCTION = YES;
				GCC_WARN_UNUSED_VARIABLE = YES;
				IPHONEOS_DEPLOYMENT_TARGET = 16.0;
				MTL_ENABLE_DEBUG_INFO = NO;
				MTL_FAST_MATH = YES;
				SDKROOT = iphoneos;
				SWIFT_COMPILATION_MODE = wholemodule;
				SWIFT_OPTIMIZATION_LEVEL = "-O";
				VALIDATE_PRODUCT = YES;
			};
			name = Release;
		};
		07AC05DE28E78D13006AD37F /* Debug */ = {
			isa = XCBuildConfiguration;
			buildSettings = {
				ASSETCATALOG_COMPILER_APPICON_NAME = AppIcon;
				ASSETCATALOG_COMPILER_GLOBAL_ACCENT_COLOR_NAME = AccentColor;
				CODE_SIGN_STYLE = Automatic;
				CURRENT_PROJECT_VERSION = 1;
				DEVELOPMENT_TEAM = P5K444356C;
				GENERATE_INFOPLIST_FILE = YES;
				INFOPLIST_FILE = "My Dolphine/Info.plist";
				INFOPLIST_KEY_UIApplicationSupportsIndirectInputEvents = YES;
				INFOPLIST_KEY_UILaunchStoryboardName = LaunchScreen;
				INFOPLIST_KEY_UIMainStoryboardFile = Main;
				INFOPLIST_KEY_UISupportedInterfaceOrientations_iPad = "UIInterfaceOrientationPortrait UIInterfaceOrientationPortraitUpsideDown UIInterfaceOrientationLandscapeLeft UIInterfaceOrientationLandscapeRight";
				INFOPLIST_KEY_UISupportedInterfaceOrientations_iPhone = "UIInterfaceOrientationPortrait UIInterfaceOrientationLandscapeLeft UIInterfaceOrientationLandscapeRight";
				IPHONEOS_DEPLOYMENT_TARGET = 15.0;
				LD_RUNPATH_SEARCH_PATHS = (
					"$(inherited)",
					"@executable_path/Frameworks",
				);
				MARKETING_VERSION = 1.0;
				PRODUCT_BUNDLE_IDENTIFIER = "com.parpods.My-Dolphine";
				PRODUCT_NAME = "$(TARGET_NAME)";
				SWIFT_EMIT_LOC_STRINGS = YES;
				SWIFT_VERSION = 5.0;
				TARGETED_DEVICE_FAMILY = "1,2";
			};
			name = Debug;
		};
		07AC05DF28E78D13006AD37F /* Release */ = {
			isa = XCBuildConfiguration;
			buildSettings = {
				ASSETCATALOG_COMPILER_APPICON_NAME = AppIcon;
				ASSETCATALOG_COMPILER_GLOBAL_ACCENT_COLOR_NAME = AccentColor;
				CODE_SIGN_STYLE = Automatic;
				CURRENT_PROJECT_VERSION = 1;
				DEVELOPMENT_TEAM = P5K444356C;
				GENERATE_INFOPLIST_FILE = YES;
				INFOPLIST_FILE = "My Dolphine/Info.plist";
				INFOPLIST_KEY_UIApplicationSupportsIndirectInputEvents = YES;
				INFOPLIST_KEY_UILaunchStoryboardName = LaunchScreen;
				INFOPLIST_KEY_UIMainStoryboardFile = Main;
				INFOPLIST_KEY_UISupportedInterfaceOrientations_iPad = "UIInterfaceOrientationPortrait UIInterfaceOrientationPortraitUpsideDown UIInterfaceOrientationLandscapeLeft UIInterfaceOrientationLandscapeRight";
				INFOPLIST_KEY_UISupportedInterfaceOrientations_iPhone = "UIInterfaceOrientationPortrait UIInterfaceOrientationLandscapeLeft UIInterfaceOrientationLandscapeRight";
				IPHONEOS_DEPLOYMENT_TARGET = 15.0;
				LD_RUNPATH_SEARCH_PATHS = (
					"$(inherited)",
					"@executable_path/Frameworks",
				);
				MARKETING_VERSION = 1.0;
				PRODUCT_BUNDLE_IDENTIFIER = "com.parpods.My-Dolphine";
				PRODUCT_NAME = "$(TARGET_NAME)";
				SWIFT_EMIT_LOC_STRINGS = YES;
				SWIFT_VERSION = 5.0;
				TARGETED_DEVICE_FAMILY = "1,2";
			};
			name = Release;
		};
/* End XCBuildConfiguration section */

/* Begin XCConfigurationList section */
		07AC05C128E78D12006AD37F /* Build configuration list for PBXProject "My Dolphine" */ = {
			isa = XCConfigurationList;
			buildConfigurations = (
				07AC05DB28E78D13006AD37F /* Debug */,
				07AC05DC28E78D13006AD37F /* Release */,
			);
			defaultConfigurationIsVisible = 0;
			defaultConfigurationName = Release;
		};
		07AC05DD28E78D13006AD37F /* Build configuration list for PBXNativeTarget "My Dolphine" */ = {
			isa = XCConfigurationList;
			buildConfigurations = (
				07AC05DE28E78D13006AD37F /* Debug */,
				07AC05DF28E78D13006AD37F /* Release */,
			);
			defaultConfigurationIsVisible = 0;
			defaultConfigurationName = Release;
		};
/* End XCConfigurationList section */

/* Begin XCRemoteSwiftPackageReference section */
		07D604D528E7924F00AD539D /* XCRemoteSwiftPackageReference "firebase-ios-sdk" */ = {
			isa = XCRemoteSwiftPackageReference;
			repositoryURL = "https://github.com/firebase/firebase-ios-sdk";
			requirement = {
				kind = upToNextMajorVersion;
				minimumVersion = 9.0.0;
			};
		};
/* End XCRemoteSwiftPackageReference section */

/* Begin XCSwiftPackageProductDependency section */
		07D604D628E7924F00AD539D /* FirebaseAuth */ = {
			isa = XCSwiftPackageProductDependency;
			package = 07D604D528E7924F00AD539D /* XCRemoteSwiftPackageReference "firebase-ios-sdk" */;
			productName = FirebaseAuth;
		};
		07D604D828E7924F00AD539D /* FirebaseAuthCombine-Community */ = {
			isa = XCSwiftPackageProductDependency;
			package = 07D604D528E7924F00AD539D /* XCRemoteSwiftPackageReference "firebase-ios-sdk" */;
			productName = "FirebaseAuthCombine-Community";
		};
		07D604DA28E7924F00AD539D /* FirebaseDatabase */ = {
			isa = XCSwiftPackageProductDependency;
			package = 07D604D528E7924F00AD539D /* XCRemoteSwiftPackageReference "firebase-ios-sdk" */;
			productName = FirebaseDatabase;
		};
		07D604DC28E7924F00AD539D /* FirebaseDatabaseSwift */ = {
			isa = XCSwiftPackageProductDependency;
			package = 07D604D528E7924F00AD539D /* XCRemoteSwiftPackageReference "firebase-ios-sdk" */;
			productName = FirebaseDatabaseSwift;
		};
		07D604DE28E7924F00AD539D /* FirebaseDynamicLinks */ = {
			isa = XCSwiftPackageProductDependency;
			package = 07D604D528E7924F00AD539D /* XCRemoteSwiftPackageReference "firebase-ios-sdk" */;
			productName = FirebaseDynamicLinks;
		};
		07D604E028E7924F00AD539D /* FirebaseFirestore */ = {
			isa = XCSwiftPackageProductDependency;
			package = 07D604D528E7924F00AD539D /* XCRemoteSwiftPackageReference "firebase-ios-sdk" */;
			productName = FirebaseFirestore;
		};
		07D604E228E7924F00AD539D /* FirebaseFirestoreCombine-Community */ = {
			isa = XCSwiftPackageProductDependency;
			package = 07D604D528E7924F00AD539D /* XCRemoteSwiftPackageReference "firebase-ios-sdk" */;
			productName = "FirebaseFirestoreCombine-Community";
		};
		07D604E428E7924F00AD539D /* FirebaseFirestoreSwift */ = {
			isa = XCSwiftPackageProductDependency;
			package = 07D604D528E7924F00AD539D /* XCRemoteSwiftPackageReference "firebase-ios-sdk" */;
			productName = FirebaseFirestoreSwift;
		};
		07D604E628E7924F00AD539D /* FirebaseStorage */ = {
			isa = XCSwiftPackageProductDependency;
			package = 07D604D528E7924F00AD539D /* XCRemoteSwiftPackageReference "firebase-ios-sdk" */;
			productName = FirebaseStorage;
		};
		07D604E828E7924F00AD539D /* FirebaseStorageCombine-Community */ = {
			isa = XCSwiftPackageProductDependency;
			package = 07D604D528E7924F00AD539D /* XCRemoteSwiftPackageReference "firebase-ios-sdk" */;
			productName = "FirebaseStorageCombine-Community";
		};
/* End XCSwiftPackageProductDependency section */

/* Begin XCVersionGroup section */
		07AC05D228E78D12006AD37F /* My_Dolphine.xcdatamodeld */ = {
			isa = XCVersionGroup;
			children = (
				07AC05D328E78D12006AD37F /* My_Dolphine.xcdatamodel */,
			);
			currentVersion = 07AC05D328E78D12006AD37F /* My_Dolphine.xcdatamodel */;
			path = My_Dolphine.xcdatamodeld;
			sourceTree = "<group>";
			versionGroupType = wrapper.xcdatamodel;
		};
/* End XCVersionGroup section */
	};
	rootObject = 07AC05BE28E78D12006AD37F /* Project object */;
}
